// !$*UTF8*$!
{
	archiveVersion = 1;
	classes = {
	};
	objectVersion = 56;
	objects = {

/* Begin PBXBuildFile section */
		3B38914A2AE91B1700B41DEA /* LandmarksApp.swift in Sources */ = {isa = PBXBuildFile; fileRef = 3B3891492AE91B1700B41DEA /* LandmarksApp.swift */; };
		3B38914C2AE91B1700B41DEA /* ContentView.swift in Sources */ = {isa = PBXBuildFile; fileRef = 3B38914B2AE91B1700B41DEA /* ContentView.swift */; };
		3B38914E2AE91B1900B41DEA /* Assets.xcassets in Resources */ = {isa = PBXBuildFile; fileRef = 3B38914D2AE91B1900B41DEA /* Assets.xcassets */; };
		3B3891512AE91B1900B41DEA /* Preview Assets.xcassets in Resources */ = {isa = PBXBuildFile; fileRef = 3B3891502AE91B1900B41DEA /* Preview Assets.xcassets */; };
		3B3891582AE9234000B41DEA /* CircleImage.swift in Sources */ = {isa = PBXBuildFile; fileRef = 3B3891572AE9234000B41DEA /* CircleImage.swift */; };
		3B38915A2AE924EE00B41DEA /* MapView.swift in Sources */ = {isa = PBXBuildFile; fileRef = 3B3891592AE924EE00B41DEA /* MapView.swift */; };
		3B38915C2AE930C100B41DEA /* landmarkData.json in Resources */ = {isa = PBXBuildFile; fileRef = 3B38915B2AE930C100B41DEA /* landmarkData.json */; };
		3B38915E2AE930E800B41DEA /* Landmark.swift in Sources */ = {isa = PBXBuildFile; fileRef = 3B38915D2AE930E800B41DEA /* Landmark.swift */; };
		3B3891602AE9328400B41DEA /* ModelData.swift in Sources */ = {isa = PBXBuildFile; fileRef = 3B38915F2AE9328400B41DEA /* ModelData.swift */; };
		3B3891652AE9341900B41DEA /* LandmarkRow.swift in Sources */ = {isa = PBXBuildFile; fileRef = 3B3891642AE9341900B41DEA /* LandmarkRow.swift */; };
		3B3891672AE936B700B41DEA /* LandmarkList.swift in Sources */ = {isa = PBXBuildFile; fileRef = 3B3891662AE936B700B41DEA /* LandmarkList.swift */; };
		3B3891692AE9387100B41DEA /* LandmarkDetail.swift in Sources */ = {isa = PBXBuildFile; fileRef = 3B3891682AE9387100B41DEA /* LandmarkDetail.swift */; };
		3B38916B2AE9580100B41DEA /* FavoriteButton.swift in Sources */ = {isa = PBXBuildFile; fileRef = 3B38916A2AE9580100B41DEA /* FavoriteButton.swift */; };
		3B38916F2AEA6F0800B41DEA /* HexagonParameters.swift in Sources */ = {isa = PBXBuildFile; fileRef = 3B38916E2AEA6F0800B41DEA /* HexagonParameters.swift */; };
		3B3891712AEA705400B41DEA /* BadgeBackground.swift in Sources */ = {isa = PBXBuildFile; fileRef = 3B3891702AEA705400B41DEA /* BadgeBackground.swift */; };
		3B3891732AEA759300B41DEA /* BadgeSymbol.swift in Sources */ = {isa = PBXBuildFile; fileRef = 3B3891722AEA759300B41DEA /* BadgeSymbol.swift */; };
		3B3891752AEA76A400B41DEA /* RotatedBadgeSymbol.swift in Sources */ = {isa = PBXBuildFile; fileRef = 3B3891742AEA76A400B41DEA /* RotatedBadgeSymbol.swift */; };
		3B3891772AEA774A00B41DEA /* Badge.swift in Sources */ = {isa = PBXBuildFile; fileRef = 3B3891762AEA774A00B41DEA /* Badge.swift */; };
		3B38917A2AEA7B1300B41DEA /* hikeData.json in Resources */ = {isa = PBXBuildFile; fileRef = 3B3891792AEA7B1300B41DEA /* hikeData.json */; };
		3B38917C2AEA7B7900B41DEA /* Hike.swift in Sources */ = {isa = PBXBuildFile; fileRef = 3B38917B2AEA7B7900B41DEA /* Hike.swift */; };
		3B3891822AEA7C2A00B41DEA /* GraphCapsule.swift in Sources */ = {isa = PBXBuildFile; fileRef = 3B38917E2AEA7C2A00B41DEA /* GraphCapsule.swift */; };
		3B3891832AEA7C2A00B41DEA /* HikeGraph.swift in Sources */ = {isa = PBXBuildFile; fileRef = 3B38917F2AEA7C2A00B41DEA /* HikeGraph.swift */; };
		3B3891842AEA7C2A00B41DEA /* HikeDetail.swift in Sources */ = {isa = PBXBuildFile; fileRef = 3B3891802AEA7C2A00B41DEA /* HikeDetail.swift */; };
		3B3891852AEA7C2A00B41DEA /* HikeView.swift in Sources */ = {isa = PBXBuildFile; fileRef = 3B3891812AEA7C2A00B41DEA /* HikeView.swift */; };
		3B3891872AEA8CFC00B41DEA /* CategoryHome.swift in Sources */ = {isa = PBXBuildFile; fileRef = 3B3891862AEA8CFC00B41DEA /* CategoryHome.swift */; };
		3B38918A2AEA94CC00B41DEA /* CategoryRow.swift in Sources */ = {isa = PBXBuildFile; fileRef = 3B3891892AEA94CC00B41DEA /* CategoryRow.swift */; };
		3B38918C2AEA967100B41DEA /* CategoryItem.swift in Sources */ = {isa = PBXBuildFile; fileRef = 3B38918B2AEA967100B41DEA /* CategoryItem.swift */; };
		3B38918E2AEAA4AC00B41DEA /* Profile.swift in Sources */ = {isa = PBXBuildFile; fileRef = 3B38918D2AEAA4AC00B41DEA /* Profile.swift */; };
		3B3891902AEAA52400B41DEA /* ProfileHost.swift in Sources */ = {isa = PBXBuildFile; fileRef = 3B38918F2AEAA52400B41DEA /* ProfileHost.swift */; };
		3B3891932AEAA57F00B41DEA /* ProfileSummary.swift in Sources */ = {isa = PBXBuildFile; fileRef = 3B3891922AEAA57F00B41DEA /* ProfileSummary.swift */; };
		3B3891952AEAA6F500B41DEA /* HikeBadge.swift in Sources */ = {isa = PBXBuildFile; fileRef = 3B3891942AEAA6F500B41DEA /* HikeBadge.swift */; };
		3B3891972AEBC37F00B41DEA /* ProfileEditor.swift in Sources */ = {isa = PBXBuildFile; fileRef = 3B3891962AEBC37E00B41DEA /* ProfileEditor.swift */; };
		3B38919A2AEBD42700B41DEA /* PageViewController.swift in Sources */ = {isa = PBXBuildFile; fileRef = 3B3891992AEBD42700B41DEA /* PageViewController.swift */; };
		3B38919C2AEBD62B00B41DEA /* FeatureCard.swift in Sources */ = {isa = PBXBuildFile; fileRef = 3B38919B2AEBD62B00B41DEA /* FeatureCard.swift */; };
		3B38919E2AEBD79000B41DEA /* PageView.swift in Sources */ = {isa = PBXBuildFile; fileRef = 3B38919D2AEBD79000B41DEA /* PageView.swift */; };
		3B3891A02AEBE44000B41DEA /* PageControl.swift in Sources */ = {isa = PBXBuildFile; fileRef = 3B38919F2AEBE43F00B41DEA /* PageControl.swift */; };
		3B46E90F2AEFCFA000FB904C /* ContentView.swift in Sources */ = {isa = PBXBuildFile; fileRef = 3B46E90E2AEFCFA000FB904C /* ContentView.swift */; };
		3B46E9112AEFCFA200FB904C /* Assets.xcassets in Resources */ = {isa = PBXBuildFile; fileRef = 3B46E9102AEFCFA200FB904C /* Assets.xcassets */; };
		3B46E9142AEFCFA200FB904C /* Preview Assets.xcassets in Resources */ = {isa = PBXBuildFile; fileRef = 3B46E9132AEFCFA200FB904C /* Preview Assets.xcassets */; };
		3B46E9172AEFCFA200FB904C /* WatchLandmarks Extension Watch App.app in Embed Watch Content */ = {isa = PBXBuildFile; fileRef = 3B46E90A2AEFCFA000FB904C /* WatchLandmarks Extension Watch App.app */; settings = {ATTRIBUTES = (RemoveHeadersOnCopy, ); }; };
		3B46E91C2AEFD13600FB904C /* LandmarksApp.swift in Sources */ = {isa = PBXBuildFile; fileRef = 3B3891492AE91B1700B41DEA /* LandmarksApp.swift */; };
		3B46E91D2AEFD13600FB904C /* Hike.swift in Sources */ = {isa = PBXBuildFile; fileRef = 3B38917B2AEA7B7900B41DEA /* Hike.swift */; };
		3B46E91E2AEFD13600FB904C /* landmarkData.json in Resources */ = {isa = PBXBuildFile; fileRef = 3B38915B2AE930C100B41DEA /* landmarkData.json */; };
		3B46E91F2AEFD13600FB904C /* Assets.xcassets in Resources */ = {isa = PBXBuildFile; fileRef = 3B38914D2AE91B1900B41DEA /* Assets.xcassets */; };
		3B46E9202AEFD13600FB904C /* hikeData.json in Resources */ = {isa = PBXBuildFile; fileRef = 3B3891792AEA7B1300B41DEA /* hikeData.json */; };
		3B46E9212AEFD13600FB904C /* Profile.swift in Sources */ = {isa = PBXBuildFile; fileRef = 3B38918D2AEAA4AC00B41DEA /* Profile.swift */; };
		3B46E9222AEFD13600FB904C /* ModelData.swift in Sources */ = {isa = PBXBuildFile; fileRef = 3B38915F2AE9328400B41DEA /* ModelData.swift */; };
		3B46E9232AEFD13600FB904C /* CircleImage.swift in Sources */ = {isa = PBXBuildFile; fileRef = 3B3891572AE9234000B41DEA /* CircleImage.swift */; };
		3B46E9242AEFD13600FB904C /* LandmarkList.swift in Sources */ = {isa = PBXBuildFile; fileRef = 3B3891662AE936B700B41DEA /* LandmarkList.swift */; };
		3B46E9252AEFD13600FB904C /* MapView.swift in Sources */ = {isa = PBXBuildFile; fileRef = 3B3891592AE924EE00B41DEA /* MapView.swift */; };
		3B46E9262AEFD13600FB904C /* LandmarkRow.swift in Sources */ = {isa = PBXBuildFile; fileRef = 3B3891642AE9341900B41DEA /* LandmarkRow.swift */; };
		3B46E9272AEFD13600FB904C /* Landmark.swift in Sources */ = {isa = PBXBuildFile; fileRef = 3B38915D2AE930E800B41DEA /* Landmark.swift */; };
		3B46E9292AEFD1A400FB904C /* LandmarkDetail.swift in Sources */ = {isa = PBXBuildFile; fileRef = 3B46E9282AEFD1A400FB904C /* LandmarkDetail.swift */; };
		3B46E92F2AEFE02000FB904C /* PushNotificationPayload.apns in Resources */ = {isa = PBXBuildFile; fileRef = 3B46E92E2AEFE02000FB904C /* PushNotificationPayload.apns */; };
		3B46E9482AEFE3F000FB904C /* NotificationController.swift in Sources */ = {isa = PBXBuildFile; fileRef = 3B46E92C2AEFDE4100FB904C /* NotificationController.swift */; };
		3B46E9492AEFE3F000FB904C /* NotificationView.swift in Sources */ = {isa = PBXBuildFile; fileRef = 3B46E92A2AEFDD5500FB904C /* NotificationView.swift */; };
		3B46E9532AEFE7F300FB904C /* ContentView.swift in Sources */ = {isa = PBXBuildFile; fileRef = 3B46E9522AEFE7F300FB904C /* ContentView.swift */; };
		3B46E9552AEFE7F600FB904C /* Assets.xcassets in Resources */ = {isa = PBXBuildFile; fileRef = 3B46E9542AEFE7F600FB904C /* Assets.xcassets */; };
		3B46E9582AEFE7F600FB904C /* Preview Assets.xcassets in Resources */ = {isa = PBXBuildFile; fileRef = 3B46E9572AEFE7F600FB904C /* Preview Assets.xcassets */; };
		3B46E95D2AEFE8B300FB904C /* FavoriteButton.swift in Sources */ = {isa = PBXBuildFile; fileRef = 3B38916A2AE9580100B41DEA /* FavoriteButton.swift */; };
		3B46E95E2AEFE8B300FB904C /* CircleImage.swift in Sources */ = {isa = PBXBuildFile; fileRef = 3B3891572AE9234000B41DEA /* CircleImage.swift */; };
		3B46E95F2AEFE8B300FB904C /* ModelData.swift in Sources */ = {isa = PBXBuildFile; fileRef = 3B38915F2AE9328400B41DEA /* ModelData.swift */; };
		3B46E9602AEFE8B300FB904C /* LandmarksApp.swift in Sources */ = {isa = PBXBuildFile; fileRef = 3B3891492AE91B1700B41DEA /* LandmarksApp.swift */; };
		3B46E9612AEFE8B300FB904C /* Profile.swift in Sources */ = {isa = PBXBuildFile; fileRef = 3B38918D2AEAA4AC00B41DEA /* Profile.swift */; };
		3B46E9622AEFE8B300FB904C /* hikeData.json in Resources */ = {isa = PBXBuildFile; fileRef = 3B3891792AEA7B1300B41DEA /* hikeData.json */; };
		3B46E9632AEFE8B300FB904C /* LandmarkRow.swift in Sources */ = {isa = PBXBuildFile; fileRef = 3B3891642AE9341900B41DEA /* LandmarkRow.swift */; };
		3B46E9642AEFE8B300FB904C /* Hike.swift in Sources */ = {isa = PBXBuildFile; fileRef = 3B38917B2AEA7B7900B41DEA /* Hike.swift */; };
		3B46E9652AEFE8B300FB904C /* MapView.swift in Sources */ = {isa = PBXBuildFile; fileRef = 3B3891592AE924EE00B41DEA /* MapView.swift */; };
		3B46E9662AEFE8B300FB904C /* landmarkData.json in Resources */ = {isa = PBXBuildFile; fileRef = 3B38915B2AE930C100B41DEA /* landmarkData.json */; };
		3B46E9672AEFE8B300FB904C /* LandmarkList.swift in Sources */ = {isa = PBXBuildFile; fileRef = 3B3891662AE936B700B41DEA /* LandmarkList.swift */; };
		3B46E9682AEFE8B300FB904C /* Landmark.swift in Sources */ = {isa = PBXBuildFile; fileRef = 3B38915D2AE930E800B41DEA /* Landmark.swift */; };
		3B46E9692AEFE8B300FB904C /* Assets.xcassets in Resources */ = {isa = PBXBuildFile; fileRef = 3B38914D2AE91B1900B41DEA /* Assets.xcassets */; };
/* End PBXBuildFile section */

/* Begin PBXContainerItemProxy section */
		3B46E9152AEFCFA200FB904C /* PBXContainerItemProxy */ = {
			isa = PBXContainerItemProxy;
			containerPortal = 3B38913E2AE91B1600B41DEA /* Project object */;
			proxyType = 1;
			remoteGlobalIDString = 3B46E9092AEFCFA000FB904C;
			remoteInfo = "WatchLandmarks Extension Watch App";
		};
/* End PBXContainerItemProxy section */

/* Begin PBXCopyFilesBuildPhase section */
		3B46E9182AEFCFA200FB904C /* Embed Watch Content */ = {
			isa = PBXCopyFilesBuildPhase;
			buildActionMask = 2147483647;
			dstPath = "$(CONTENTS_FOLDER_PATH)/Watch";
			dstSubfolderSpec = 16;
			files = (
				3B46E9172AEFCFA200FB904C /* WatchLandmarks Extension Watch App.app in Embed Watch Content */,
			);
			name = "Embed Watch Content";
			runOnlyForDeploymentPostprocessing = 0;
		};
		3B46E93F2AEFE11000FB904C /* Embed Foundation Extensions */ = {
			isa = PBXCopyFilesBuildPhase;
			buildActionMask = 2147483647;
			dstPath = "";
			dstSubfolderSpec = 13;
			files = (
			);
			name = "Embed Foundation Extensions";
			runOnlyForDeploymentPostprocessing = 0;
		};
/* End PBXCopyFilesBuildPhase section */

/* Begin PBXFileReference section */
		3B3891462AE91B1600B41DEA /* Landmarks.app */ = {isa = PBXFileReference; explicitFileType = wrapper.application; includeInIndex = 0; path = Landmarks.app; sourceTree = BUILT_PRODUCTS_DIR; };
		3B3891492AE91B1700B41DEA /* LandmarksApp.swift */ = {isa = PBXFileReference; lastKnownFileType = sourcecode.swift; path = LandmarksApp.swift; sourceTree = "<group>"; };
		3B38914B2AE91B1700B41DEA /* ContentView.swift */ = {isa = PBXFileReference; lastKnownFileType = sourcecode.swift; path = ContentView.swift; sourceTree = "<group>"; };
		3B38914D2AE91B1900B41DEA /* Assets.xcassets */ = {isa = PBXFileReference; lastKnownFileType = folder.assetcatalog; path = Assets.xcassets; sourceTree = "<group>"; };
		3B3891502AE91B1900B41DEA /* Preview Assets.xcassets */ = {isa = PBXFileReference; lastKnownFileType = folder.assetcatalog; path = "Preview Assets.xcassets"; sourceTree = "<group>"; };
		3B3891572AE9234000B41DEA /* CircleImage.swift */ = {isa = PBXFileReference; lastKnownFileType = sourcecode.swift; path = CircleImage.swift; sourceTree = "<group>"; };
		3B3891592AE924EE00B41DEA /* MapView.swift */ = {isa = PBXFileReference; lastKnownFileType = sourcecode.swift; path = MapView.swift; sourceTree = "<group>"; };
		3B38915B2AE930C100B41DEA /* landmarkData.json */ = {isa = PBXFileReference; fileEncoding = 4; lastKnownFileType = text.json; path = landmarkData.json; sourceTree = "<group>"; };
		3B38915D2AE930E800B41DEA /* Landmark.swift */ = {isa = PBXFileReference; lastKnownFileType = sourcecode.swift; path = Landmark.swift; sourceTree = "<group>"; };
		3B38915F2AE9328400B41DEA /* ModelData.swift */ = {isa = PBXFileReference; lastKnownFileType = sourcecode.swift; path = ModelData.swift; sourceTree = "<group>"; };
		3B3891642AE9341900B41DEA /* LandmarkRow.swift */ = {isa = PBXFileReference; lastKnownFileType = sourcecode.swift; path = LandmarkRow.swift; sourceTree = "<group>"; };
		3B3891662AE936B700B41DEA /* LandmarkList.swift */ = {isa = PBXFileReference; lastKnownFileType = sourcecode.swift; path = LandmarkList.swift; sourceTree = "<group>"; };
		3B3891682AE9387100B41DEA /* LandmarkDetail.swift */ = {isa = PBXFileReference; lastKnownFileType = sourcecode.swift; path = LandmarkDetail.swift; sourceTree = "<group>"; };
		3B38916A2AE9580100B41DEA /* FavoriteButton.swift */ = {isa = PBXFileReference; lastKnownFileType = sourcecode.swift; path = FavoriteButton.swift; sourceTree = "<group>"; };
		3B38916E2AEA6F0800B41DEA /* HexagonParameters.swift */ = {isa = PBXFileReference; lastKnownFileType = sourcecode.swift; path = HexagonParameters.swift; sourceTree = "<group>"; };
		3B3891702AEA705400B41DEA /* BadgeBackground.swift */ = {isa = PBXFileReference; lastKnownFileType = sourcecode.swift; path = BadgeBackground.swift; sourceTree = "<group>"; };
		3B3891722AEA759300B41DEA /* BadgeSymbol.swift */ = {isa = PBXFileReference; lastKnownFileType = sourcecode.swift; path = BadgeSymbol.swift; sourceTree = "<group>"; };
		3B3891742AEA76A400B41DEA /* RotatedBadgeSymbol.swift */ = {isa = PBXFileReference; lastKnownFileType = sourcecode.swift; path = RotatedBadgeSymbol.swift; sourceTree = "<group>"; };
		3B3891762AEA774A00B41DEA /* Badge.swift */ = {isa = PBXFileReference; lastKnownFileType = sourcecode.swift; path = Badge.swift; sourceTree = "<group>"; };
		3B3891792AEA7B1300B41DEA /* hikeData.json */ = {isa = PBXFileReference; fileEncoding = 4; lastKnownFileType = text.json; path = hikeData.json; sourceTree = "<group>"; };
		3B38917B2AEA7B7900B41DEA /* Hike.swift */ = {isa = PBXFileReference; lastKnownFileType = sourcecode.swift; path = Hike.swift; sourceTree = "<group>"; };
		3B38917E2AEA7C2A00B41DEA /* GraphCapsule.swift */ = {isa = PBXFileReference; fileEncoding = 4; lastKnownFileType = sourcecode.swift; path = GraphCapsule.swift; sourceTree = "<group>"; };
		3B38917F2AEA7C2A00B41DEA /* HikeGraph.swift */ = {isa = PBXFileReference; fileEncoding = 4; lastKnownFileType = sourcecode.swift; path = HikeGraph.swift; sourceTree = "<group>"; };
		3B3891802AEA7C2A00B41DEA /* HikeDetail.swift */ = {isa = PBXFileReference; fileEncoding = 4; lastKnownFileType = sourcecode.swift; path = HikeDetail.swift; sourceTree = "<group>"; };
		3B3891812AEA7C2A00B41DEA /* HikeView.swift */ = {isa = PBXFileReference; fileEncoding = 4; lastKnownFileType = sourcecode.swift; path = HikeView.swift; sourceTree = "<group>"; };
		3B3891862AEA8CFC00B41DEA /* CategoryHome.swift */ = {isa = PBXFileReference; lastKnownFileType = sourcecode.swift; path = CategoryHome.swift; sourceTree = "<group>"; };
		3B3891892AEA94CC00B41DEA /* CategoryRow.swift */ = {isa = PBXFileReference; lastKnownFileType = sourcecode.swift; path = CategoryRow.swift; sourceTree = "<group>"; };
		3B38918B2AEA967100B41DEA /* CategoryItem.swift */ = {isa = PBXFileReference; lastKnownFileType = sourcecode.swift; path = CategoryItem.swift; sourceTree = "<group>"; };
		3B38918D2AEAA4AC00B41DEA /* Profile.swift */ = {isa = PBXFileReference; lastKnownFileType = sourcecode.swift; path = Profile.swift; sourceTree = "<group>"; };
		3B38918F2AEAA52400B41DEA /* ProfileHost.swift */ = {isa = PBXFileReference; lastKnownFileType = sourcecode.swift; path = ProfileHost.swift; sourceTree = "<group>"; };
		3B3891922AEAA57F00B41DEA /* ProfileSummary.swift */ = {isa = PBXFileReference; lastKnownFileType = sourcecode.swift; path = ProfileSummary.swift; sourceTree = "<group>"; };
		3B3891942AEAA6F500B41DEA /* HikeBadge.swift */ = {isa = PBXFileReference; lastKnownFileType = sourcecode.swift; path = HikeBadge.swift; sourceTree = "<group>"; };
		3B3891962AEBC37E00B41DEA /* ProfileEditor.swift */ = {isa = PBXFileReference; lastKnownFileType = sourcecode.swift; path = ProfileEditor.swift; sourceTree = "<group>"; };
		3B3891992AEBD42700B41DEA /* PageViewController.swift */ = {isa = PBXFileReference; lastKnownFileType = sourcecode.swift; path = PageViewController.swift; sourceTree = "<group>"; };
		3B38919B2AEBD62B00B41DEA /* FeatureCard.swift */ = {isa = PBXFileReference; lastKnownFileType = sourcecode.swift; path = FeatureCard.swift; sourceTree = "<group>"; };
		3B38919D2AEBD79000B41DEA /* PageView.swift */ = {isa = PBXFileReference; lastKnownFileType = sourcecode.swift; path = PageView.swift; sourceTree = "<group>"; };
		3B38919F2AEBE43F00B41DEA /* PageControl.swift */ = {isa = PBXFileReference; lastKnownFileType = sourcecode.swift; path = PageControl.swift; sourceTree = "<group>"; };
		3B46E90A2AEFCFA000FB904C /* WatchLandmarks Extension Watch App.app */ = {isa = PBXFileReference; explicitFileType = wrapper.application; includeInIndex = 0; path = "WatchLandmarks Extension Watch App.app"; sourceTree = BUILT_PRODUCTS_DIR; };
		3B46E90E2AEFCFA000FB904C /* ContentView.swift */ = {isa = PBXFileReference; lastKnownFileType = sourcecode.swift; path = ContentView.swift; sourceTree = "<group>"; };
		3B46E9102AEFCFA200FB904C /* Assets.xcassets */ = {isa = PBXFileReference; lastKnownFileType = folder.assetcatalog; path = Assets.xcassets; sourceTree = "<group>"; };
		3B46E9132AEFCFA200FB904C /* Preview Assets.xcassets */ = {isa = PBXFileReference; lastKnownFileType = folder.assetcatalog; path = "Preview Assets.xcassets"; sourceTree = "<group>"; };
		3B46E9282AEFD1A400FB904C /* LandmarkDetail.swift */ = {isa = PBXFileReference; lastKnownFileType = sourcecode.swift; path = LandmarkDetail.swift; sourceTree = "<group>"; };
		3B46E92A2AEFDD5500FB904C /* NotificationView.swift */ = {isa = PBXFileReference; lastKnownFileType = sourcecode.swift; path = NotificationView.swift; sourceTree = "<group>"; };
		3B46E92C2AEFDE4100FB904C /* NotificationController.swift */ = {isa = PBXFileReference; lastKnownFileType = sourcecode.swift; path = NotificationController.swift; sourceTree = "<group>"; };
		3B46E92E2AEFE02000FB904C /* PushNotificationPayload.apns */ = {isa = PBXFileReference; fileEncoding = 4; lastKnownFileType = text; path = PushNotificationPayload.apns; sourceTree = "<group>"; };
		3B46E94E2AEFE7F300FB904C /* MacLandmarks.app */ = {isa = PBXFileReference; explicitFileType = wrapper.application; includeInIndex = 0; path = MacLandmarks.app; sourceTree = BUILT_PRODUCTS_DIR; };
		3B46E9522AEFE7F300FB904C /* ContentView.swift */ = {isa = PBXFileReference; lastKnownFileType = sourcecode.swift; path = ContentView.swift; sourceTree = "<group>"; };
		3B46E9542AEFE7F600FB904C /* Assets.xcassets */ = {isa = PBXFileReference; lastKnownFileType = folder.assetcatalog; path = Assets.xcassets; sourceTree = "<group>"; };
		3B46E9572AEFE7F600FB904C /* Preview Assets.xcassets */ = {isa = PBXFileReference; lastKnownFileType = folder.assetcatalog; path = "Preview Assets.xcassets"; sourceTree = "<group>"; };
		3B46E9592AEFE7F600FB904C /* MacLandmarks.entitlements */ = {isa = PBXFileReference; lastKnownFileType = text.plist.entitlements; path = MacLandmarks.entitlements; sourceTree = "<group>"; };
/* End PBXFileReference section */

/* Begin PBXFrameworksBuildPhase section */
		3B3891432AE91B1600B41DEA /* Frameworks */ = {
			isa = PBXFrameworksBuildPhase;
			buildActionMask = 2147483647;
			files = (
			);
			runOnlyForDeploymentPostprocessing = 0;
		};
		3B46E9072AEFCFA000FB904C /* Frameworks */ = {
			isa = PBXFrameworksBuildPhase;
			buildActionMask = 2147483647;
			files = (
			);
			runOnlyForDeploymentPostprocessing = 0;
		};
		3B46E94B2AEFE7F300FB904C /* Frameworks */ = {
			isa = PBXFrameworksBuildPhase;
			buildActionMask = 2147483647;
			files = (
			);
			runOnlyForDeploymentPostprocessing = 0;
		};
/* End PBXFrameworksBuildPhase section */

/* Begin PBXGroup section */
		3B38913D2AE91B1600B41DEA = {
			isa = PBXGroup;
			children = (
				3B3891482AE91B1600B41DEA /* Landmarks */,
				3B46E90B2AEFCFA000FB904C /* WatchLandmarks Extension Watch App */,
				3B46E94F2AEFE7F300FB904C /* MacLandmarks */,
				3B3891472AE91B1600B41DEA /* Products */,
			);
			sourceTree = "<group>";
		};
		3B3891472AE91B1600B41DEA /* Products */ = {
			isa = PBXGroup;
			children = (
				3B3891462AE91B1600B41DEA /* Landmarks.app */,
				3B46E90A2AEFCFA000FB904C /* WatchLandmarks Extension Watch App.app */,
				3B46E94E2AEFE7F300FB904C /* MacLandmarks.app */,
			);
			name = Products;
			sourceTree = "<group>";
		};
		3B3891482AE91B1600B41DEA /* Landmarks */ = {
			isa = PBXGroup;
			children = (
				3B3891492AE91B1700B41DEA /* LandmarksApp.swift */,
				3B3891612AE9338E00B41DEA /* Views */,
				3B3891622AE933B900B41DEA /* Model */,
				3B3891632AE933C900B41DEA /* Resources */,
				3B38914D2AE91B1900B41DEA /* Assets.xcassets */,
				3B38914F2AE91B1900B41DEA /* Preview Content */,
			);
			path = Landmarks;
			sourceTree = "<group>";
		};
		3B38914F2AE91B1900B41DEA /* Preview Content */ = {
			isa = PBXGroup;
			children = (
				3B3891502AE91B1900B41DEA /* Preview Assets.xcassets */,
			);
			path = "Preview Content";
			sourceTree = "<group>";
		};
		3B3891612AE9338E00B41DEA /* Views */ = {
			isa = PBXGroup;
			children = (
				3B38914B2AE91B1700B41DEA /* ContentView.swift */,
				3B3891982AEBD40B00B41DEA /* PageView */,
				3B3891912AEAA52E00B41DEA /* Profiles */,
				3B3891882AEA8D0400B41DEA /* Categories */,
				3B38917D2AEA7C2A00B41DEA /* Hikes */,
				3B3891782AEA792600B41DEA /* Badges */,
				3B38916D2AE958EC00B41DEA /* Landmarks */,
				3B38916C2AE958D200B41DEA /* Helpers */,
			);
			path = Views;
			sourceTree = "<group>";
		};
		3B3891622AE933B900B41DEA /* Model */ = {
			isa = PBXGroup;
			children = (
				3B38915D2AE930E800B41DEA /* Landmark.swift */,
				3B38915F2AE9328400B41DEA /* ModelData.swift */,
				3B38917B2AEA7B7900B41DEA /* Hike.swift */,
				3B38918D2AEAA4AC00B41DEA /* Profile.swift */,
			);
			path = Model;
			sourceTree = "<group>";
		};
		3B3891632AE933C900B41DEA /* Resources */ = {
			isa = PBXGroup;
			children = (
				3B38915B2AE930C100B41DEA /* landmarkData.json */,
				3B3891792AEA7B1300B41DEA /* hikeData.json */,
			);
			path = Resources;
			sourceTree = "<group>";
		};
		3B38916C2AE958D200B41DEA /* Helpers */ = {
			isa = PBXGroup;
			children = (
				3B3891572AE9234000B41DEA /* CircleImage.swift */,
				3B3891592AE924EE00B41DEA /* MapView.swift */,
				3B38916A2AE9580100B41DEA /* FavoriteButton.swift */,
			);
			path = Helpers;
			sourceTree = "<group>";
		};
		3B38916D2AE958EC00B41DEA /* Landmarks */ = {
			isa = PBXGroup;
			children = (
				3B3891642AE9341900B41DEA /* LandmarkRow.swift */,
				3B3891662AE936B700B41DEA /* LandmarkList.swift */,
				3B3891682AE9387100B41DEA /* LandmarkDetail.swift */,
			);
			path = Landmarks;
			sourceTree = "<group>";
		};
		3B3891782AEA792600B41DEA /* Badges */ = {
			isa = PBXGroup;
			children = (
				3B38916E2AEA6F0800B41DEA /* HexagonParameters.swift */,
				3B3891702AEA705400B41DEA /* BadgeBackground.swift */,
				3B3891722AEA759300B41DEA /* BadgeSymbol.swift */,
				3B3891742AEA76A400B41DEA /* RotatedBadgeSymbol.swift */,
				3B3891762AEA774A00B41DEA /* Badge.swift */,
			);
			path = Badges;
			sourceTree = "<group>";
		};
		3B38917D2AEA7C2A00B41DEA /* Hikes */ = {
			isa = PBXGroup;
			children = (
				3B38917E2AEA7C2A00B41DEA /* GraphCapsule.swift */,
				3B38917F2AEA7C2A00B41DEA /* HikeGraph.swift */,
				3B3891802AEA7C2A00B41DEA /* HikeDetail.swift */,
				3B3891812AEA7C2A00B41DEA /* HikeView.swift */,
				3B3891942AEAA6F500B41DEA /* HikeBadge.swift */,
			);
			path = Hikes;
			sourceTree = "<group>";
		};
		3B3891882AEA8D0400B41DEA /* Categories */ = {
			isa = PBXGroup;
			children = (
				3B3891862AEA8CFC00B41DEA /* CategoryHome.swift */,
				3B3891892AEA94CC00B41DEA /* CategoryRow.swift */,
				3B38918B2AEA967100B41DEA /* CategoryItem.swift */,
			);
			path = Categories;
			sourceTree = "<group>";
		};
		3B3891912AEAA52E00B41DEA /* Profiles */ = {
			isa = PBXGroup;
			children = (
				3B38918F2AEAA52400B41DEA /* ProfileHost.swift */,
				3B3891922AEAA57F00B41DEA /* ProfileSummary.swift */,
				3B3891962AEBC37E00B41DEA /* ProfileEditor.swift */,
			);
			path = Profiles;
			sourceTree = "<group>";
		};
		3B3891982AEBD40B00B41DEA /* PageView */ = {
			isa = PBXGroup;
			children = (
				3B3891992AEBD42700B41DEA /* PageViewController.swift */,
				3B38919B2AEBD62B00B41DEA /* FeatureCard.swift */,
				3B38919D2AEBD79000B41DEA /* PageView.swift */,
				3B38919F2AEBE43F00B41DEA /* PageControl.swift */,
			);
			path = PageView;
			sourceTree = "<group>";
		};
		3B46E90B2AEFCFA000FB904C /* WatchLandmarks Extension Watch App */ = {
			isa = PBXGroup;
			children = (
				3B46E90E2AEFCFA000FB904C /* ContentView.swift */,
				3B46E9282AEFD1A400FB904C /* LandmarkDetail.swift */,
				3B46E92A2AEFDD5500FB904C /* NotificationView.swift */,
				3B46E92C2AEFDE4100FB904C /* NotificationController.swift */,
				3B46E92E2AEFE02000FB904C /* PushNotificationPayload.apns */,
				3B46E9102AEFCFA200FB904C /* Assets.xcassets */,
				3B46E9122AEFCFA200FB904C /* Preview Content */,
			);
			path = "WatchLandmarks Extension Watch App";
			sourceTree = "<group>";
		};
		3B46E9122AEFCFA200FB904C /* Preview Content */ = {
			isa = PBXGroup;
			children = (
				3B46E9132AEFCFA200FB904C /* Preview Assets.xcassets */,
			);
			path = "Preview Content";
			sourceTree = "<group>";
		};
		3B46E94F2AEFE7F300FB904C /* MacLandmarks */ = {
			isa = PBXGroup;
			children = (
				3B46E9522AEFE7F300FB904C /* ContentView.swift */,
				3B46E9542AEFE7F600FB904C /* Assets.xcassets */,
				3B46E9592AEFE7F600FB904C /* MacLandmarks.entitlements */,
				3B46E9562AEFE7F600FB904C /* Preview Content */,
			);
			path = MacLandmarks;
			sourceTree = "<group>";
		};
		3B46E9562AEFE7F600FB904C /* Preview Content */ = {
			isa = PBXGroup;
			children = (
				3B46E9572AEFE7F600FB904C /* Preview Assets.xcassets */,
			);
			path = "Preview Content";
			sourceTree = "<group>";
		};
/* End PBXGroup section */

/* Begin PBXNativeTarget section */
		3B3891452AE91B1600B41DEA /* Landmarks */ = {
			isa = PBXNativeTarget;
			buildConfigurationList = 3B3891542AE91B1900B41DEA /* Build configuration list for PBXNativeTarget "Landmarks" */;
			buildPhases = (
				3B3891422AE91B1600B41DEA /* Sources */,
				3B3891432AE91B1600B41DEA /* Frameworks */,
				3B3891442AE91B1600B41DEA /* Resources */,
				3B46E9182AEFCFA200FB904C /* Embed Watch Content */,
			);
			buildRules = (
			);
			dependencies = (
				3B46E9162AEFCFA200FB904C /* PBXTargetDependency */,
			);
			name = Landmarks;
			productName = Landmarks;
			productReference = 3B3891462AE91B1600B41DEA /* Landmarks.app */;
			productType = "com.apple.product-type.application";
		};
		3B46E9092AEFCFA000FB904C /* WatchLandmarks Extension Watch App */ = {
			isa = PBXNativeTarget;
			buildConfigurationList = 3B46E91B2AEFCFA200FB904C /* Build configuration list for PBXNativeTarget "WatchLandmarks Extension Watch App" */;
			buildPhases = (
				3B46E9062AEFCFA000FB904C /* Sources */,
				3B46E9072AEFCFA000FB904C /* Frameworks */,
				3B46E9082AEFCFA000FB904C /* Resources */,
				3B46E93F2AEFE11000FB904C /* Embed Foundation Extensions */,
			);
			buildRules = (
			);
			dependencies = (
			);
			name = "WatchLandmarks Extension Watch App";
			productName = "WatchLandmarks Extension Watch App";
			productReference = 3B46E90A2AEFCFA000FB904C /* WatchLandmarks Extension Watch App.app */;
			productType = "com.apple.product-type.application";
		};
		3B46E94D2AEFE7F300FB904C /* MacLandmarks */ = {
			isa = PBXNativeTarget;
			buildConfigurationList = 3B46E95C2AEFE7F600FB904C /* Build configuration list for PBXNativeTarget "MacLandmarks" */;
			buildPhases = (
				3B46E94A2AEFE7F300FB904C /* Sources */,
				3B46E94B2AEFE7F300FB904C /* Frameworks */,
				3B46E94C2AEFE7F300FB904C /* Resources */,
			);
			buildRules = (
			);
			dependencies = (
			);
			name = MacLandmarks;
			productName = MacLandmarks;
			productReference = 3B46E94E2AEFE7F300FB904C /* MacLandmarks.app */;
			productType = "com.apple.product-type.application";
		};
/* End PBXNativeTarget section */

/* Begin PBXProject section */
		3B38913E2AE91B1600B41DEA /* Project object */ = {
			isa = PBXProject;
			attributes = {
				BuildIndependentTargetsInParallel = 1;
				LastSwiftUpdateCheck = 1420;
				LastUpgradeCheck = 1420;
				TargetAttributes = {
					3B3891452AE91B1600B41DEA = {
						CreatedOnToolsVersion = 14.2;
					};
					3B46E9092AEFCFA000FB904C = {
						CreatedOnToolsVersion = 14.2;
					};
					3B46E94D2AEFE7F300FB904C = {
						CreatedOnToolsVersion = 14.2;
					};
				};
			};
			buildConfigurationList = 3B3891412AE91B1600B41DEA /* Build configuration list for PBXProject "Landmarks" */;
			compatibilityVersion = "Xcode 14.0";
			developmentRegion = en;
			hasScannedForEncodings = 0;
			knownRegions = (
				en,
				Base,
			);
			mainGroup = 3B38913D2AE91B1600B41DEA;
			productRefGroup = 3B3891472AE91B1600B41DEA /* Products */;
			projectDirPath = "";
			projectRoot = "";
			targets = (
				3B3891452AE91B1600B41DEA /* Landmarks */,
				3B46E9092AEFCFA000FB904C /* WatchLandmarks Extension Watch App */,
				3B46E94D2AEFE7F300FB904C /* MacLandmarks */,
			);
		};
/* End PBXProject section */

/* Begin PBXResourcesBuildPhase section */
		3B3891442AE91B1600B41DEA /* Resources */ = {
			isa = PBXResourcesBuildPhase;
			buildActionMask = 2147483647;
			files = (
				3B38917A2AEA7B1300B41DEA /* hikeData.json in Resources */,
				3B3891512AE91B1900B41DEA /* Preview Assets.xcassets in Resources */,
				3B38914E2AE91B1900B41DEA /* Assets.xcassets in Resources */,
				3B38915C2AE930C100B41DEA /* landmarkData.json in Resources */,
			);
			runOnlyForDeploymentPostprocessing = 0;
		};
		3B46E9082AEFCFA000FB904C /* Resources */ = {
			isa = PBXResourcesBuildPhase;
			buildActionMask = 2147483647;
			files = (
				3B46E9142AEFCFA200FB904C /* Preview Assets.xcassets in Resources */,
				3B46E9112AEFCFA200FB904C /* Assets.xcassets in Resources */,
				3B46E91F2AEFD13600FB904C /* Assets.xcassets in Resources */,
				3B46E91E2AEFD13600FB904C /* landmarkData.json in Resources */,
				3B46E9202AEFD13600FB904C /* hikeData.json in Resources */,
				3B46E92F2AEFE02000FB904C /* PushNotificationPayload.apns in Resources */,
			);
			runOnlyForDeploymentPostprocessing = 0;
		};
		3B46E94C2AEFE7F300FB904C /* Resources */ = {
			isa = PBXResourcesBuildPhase;
			buildActionMask = 2147483647;
			files = (
				3B46E9582AEFE7F600FB904C /* Preview Assets.xcassets in Resources */,
				3B46E9662AEFE8B300FB904C /* landmarkData.json in Resources */,
				3B46E9622AEFE8B300FB904C /* hikeData.json in Resources */,
				3B46E9552AEFE7F600FB904C /* Assets.xcassets in Resources */,
				3B46E9692AEFE8B300FB904C /* Assets.xcassets in Resources */,
			);
			runOnlyForDeploymentPostprocessing = 0;
		};
/* End PBXResourcesBuildPhase section */

/* Begin PBXSourcesBuildPhase section */
		3B3891422AE91B1600B41DEA /* Sources */ = {
			isa = PBXSourcesBuildPhase;
			buildActionMask = 2147483647;
			files = (
				3B38918A2AEA94CC00B41DEA /* CategoryRow.swift in Sources */,
				3B38918E2AEAA4AC00B41DEA /* Profile.swift in Sources */,
				3B38914C2AE91B1700B41DEA /* ContentView.swift in Sources */,
				3B3891872AEA8CFC00B41DEA /* CategoryHome.swift in Sources */,
				3B38919C2AEBD62B00B41DEA /* FeatureCard.swift in Sources */,
				3B3891832AEA7C2A00B41DEA /* HikeGraph.swift in Sources */,
				3B3891772AEA774A00B41DEA /* Badge.swift in Sources */,
				3B38915A2AE924EE00B41DEA /* MapView.swift in Sources */,
				3B3891822AEA7C2A00B41DEA /* GraphCapsule.swift in Sources */,
				3B38914A2AE91B1700B41DEA /* LandmarksApp.swift in Sources */,
				3B3891A02AEBE44000B41DEA /* PageControl.swift in Sources */,
				3B38916B2AE9580100B41DEA /* FavoriteButton.swift in Sources */,
				3B38918C2AEA967100B41DEA /* CategoryItem.swift in Sources */,
				3B3891842AEA7C2A00B41DEA /* HikeDetail.swift in Sources */,
				3B3891932AEAA57F00B41DEA /* ProfileSummary.swift in Sources */,
				3B38916F2AEA6F0800B41DEA /* HexagonParameters.swift in Sources */,
				3B3891902AEAA52400B41DEA /* ProfileHost.swift in Sources */,
				3B38917C2AEA7B7900B41DEA /* Hike.swift in Sources */,
				3B3891752AEA76A400B41DEA /* RotatedBadgeSymbol.swift in Sources */,
				3B38919E2AEBD79000B41DEA /* PageView.swift in Sources */,
				3B3891732AEA759300B41DEA /* BadgeSymbol.swift in Sources */,
				3B3891972AEBC37F00B41DEA /* ProfileEditor.swift in Sources */,
				3B3891672AE936B700B41DEA /* LandmarkList.swift in Sources */,
				3B3891852AEA7C2A00B41DEA /* HikeView.swift in Sources */,
				3B3891692AE9387100B41DEA /* LandmarkDetail.swift in Sources */,
				3B38919A2AEBD42700B41DEA /* PageViewController.swift in Sources */,
				3B3891712AEA705400B41DEA /* BadgeBackground.swift in Sources */,
				3B3891952AEAA6F500B41DEA /* HikeBadge.swift in Sources */,
				3B3891582AE9234000B41DEA /* CircleImage.swift in Sources */,
				3B38915E2AE930E800B41DEA /* Landmark.swift in Sources */,
				3B3891652AE9341900B41DEA /* LandmarkRow.swift in Sources */,
				3B3891602AE9328400B41DEA /* ModelData.swift in Sources */,
			);
			runOnlyForDeploymentPostprocessing = 0;
		};
		3B46E9062AEFCFA000FB904C /* Sources */ = {
			isa = PBXSourcesBuildPhase;
			buildActionMask = 2147483647;
			files = (
				3B46E91D2AEFD13600FB904C /* Hike.swift in Sources */,
				3B46E9252AEFD13600FB904C /* MapView.swift in Sources */,
				3B46E9212AEFD13600FB904C /* Profile.swift in Sources */,
				3B46E9492AEFE3F000FB904C /* NotificationView.swift in Sources */,
				3B46E9222AEFD13600FB904C /* ModelData.swift in Sources */,
				3B46E9242AEFD13600FB904C /* LandmarkList.swift in Sources */,
				3B46E90F2AEFCFA000FB904C /* ContentView.swift in Sources */,
				3B46E9482AEFE3F000FB904C /* NotificationController.swift in Sources */,
				3B46E91C2AEFD13600FB904C /* LandmarksApp.swift in Sources */,
				3B46E9232AEFD13600FB904C /* CircleImage.swift in Sources */,
				3B46E9262AEFD13600FB904C /* LandmarkRow.swift in Sources */,
				3B46E9272AEFD13600FB904C /* Landmark.swift in Sources */,
				3B46E9292AEFD1A400FB904C /* LandmarkDetail.swift in Sources */,
			);
			runOnlyForDeploymentPostprocessing = 0;
		};
		3B46E94A2AEFE7F300FB904C /* Sources */ = {
			isa = PBXSourcesBuildPhase;
			buildActionMask = 2147483647;
			files = (
				3B46E9532AEFE7F300FB904C /* ContentView.swift in Sources */,
				3B46E9682AEFE8B300FB904C /* Landmark.swift in Sources */,
				3B46E9612AEFE8B300FB904C /* Profile.swift in Sources */,
				3B46E95F2AEFE8B300FB904C /* ModelData.swift in Sources */,
				3B46E95D2AEFE8B300FB904C /* FavoriteButton.swift in Sources */,
				3B46E9602AEFE8B300FB904C /* LandmarksApp.swift in Sources */,
				3B46E9632AEFE8B300FB904C /* LandmarkRow.swift in Sources */,
				3B46E9642AEFE8B300FB904C /* Hike.swift in Sources */,
				3B46E9652AEFE8B300FB904C /* MapView.swift in Sources */,
				3B46E95E2AEFE8B300FB904C /* CircleImage.swift in Sources */,
				3B46E9672AEFE8B300FB904C /* LandmarkList.swift in Sources */,
			);
			runOnlyForDeploymentPostprocessing = 0;
		};
/* End PBXSourcesBuildPhase section */

/* Begin PBXTargetDependency section */
		3B46E9162AEFCFA200FB904C /* PBXTargetDependency */ = {
			isa = PBXTargetDependency;
			target = 3B46E9092AEFCFA000FB904C /* WatchLandmarks Extension Watch App */;
			targetProxy = 3B46E9152AEFCFA200FB904C /* PBXContainerItemProxy */;
		};
/* End PBXTargetDependency section */

/* Begin XCBuildConfiguration section */
		3B3891522AE91B1900B41DEA /* Debug */ = {
			isa = XCBuildConfiguration;
			buildSettings = {
				ALWAYS_SEARCH_USER_PATHS = NO;
				CLANG_ANALYZER_NONNULL = YES;
				CLANG_ANALYZER_NUMBER_OBJECT_CONVERSION = YES_AGGRESSIVE;
				CLANG_CXX_LANGUAGE_STANDARD = "gnu++20";
				CLANG_ENABLE_MODULES = YES;
				CLANG_ENABLE_OBJC_ARC = YES;
				CLANG_ENABLE_OBJC_WEAK = YES;
				CLANG_WARN_BLOCK_CAPTURE_AUTORELEASING = YES;
				CLANG_WARN_BOOL_CONVERSION = YES;
				CLANG_WARN_COMMA = YES;
				CLANG_WARN_CONSTANT_CONVERSION = YES;
				CLANG_WARN_DEPRECATED_OBJC_IMPLEMENTATIONS = YES;
				CLANG_WARN_DIRECT_OBJC_ISA_USAGE = YES_ERROR;
				CLANG_WARN_DOCUMENTATION_COMMENTS = YES;
				CLANG_WARN_EMPTY_BODY = YES;
				CLANG_WARN_ENUM_CONVERSION = YES;
				CLANG_WARN_INFINITE_RECURSION = YES;
				CLANG_WARN_INT_CONVERSION = YES;
				CLANG_WARN_NON_LITERAL_NULL_CONVERSION = YES;
				CLANG_WARN_OBJC_IMPLICIT_RETAIN_SELF = YES;
				CLANG_WARN_OBJC_LITERAL_CONVERSION = YES;
				CLANG_WARN_OBJC_ROOT_CLASS = YES_ERROR;
				CLANG_WARN_QUOTED_INCLUDE_IN_FRAMEWORK_HEADER = YES;
				CLANG_WARN_RANGE_LOOP_ANALYSIS = YES;
				CLANG_WARN_STRICT_PROTOTYPES = YES;
				CLANG_WARN_SUSPICIOUS_MOVE = YES;
				CLANG_WARN_UNGUARDED_AVAILABILITY = YES_AGGRESSIVE;
				CLANG_WARN_UNREACHABLE_CODE = YES;
				CLANG_WARN__DUPLICATE_METHOD_MATCH = YES;
				COPY_PHASE_STRIP = NO;
				DEBUG_INFORMATION_FORMAT = dwarf;
				ENABLE_STRICT_OBJC_MSGSEND = YES;
				ENABLE_TESTABILITY = YES;
				GCC_C_LANGUAGE_STANDARD = gnu11;
				GCC_DYNAMIC_NO_PIC = NO;
				GCC_NO_COMMON_BLOCKS = YES;
				GCC_OPTIMIZATION_LEVEL = 0;
				GCC_PREPROCESSOR_DEFINITIONS = (
					"DEBUG=1",
					"$(inherited)",
				);
				GCC_WARN_64_TO_32_BIT_CONVERSION = YES;
				GCC_WARN_ABOUT_RETURN_TYPE = YES_ERROR;
				GCC_WARN_UNDECLARED_SELECTOR = YES;
				GCC_WARN_UNINITIALIZED_AUTOS = YES_AGGRESSIVE;
				GCC_WARN_UNUSED_FUNCTION = YES;
				GCC_WARN_UNUSED_VARIABLE = YES;
				IPHONEOS_DEPLOYMENT_TARGET = 16.2;
				MTL_ENABLE_DEBUG_INFO = INCLUDE_SOURCE;
				MTL_FAST_MATH = YES;
				ONLY_ACTIVE_ARCH = YES;
				SDKROOT = iphoneos;
				SWIFT_ACTIVE_COMPILATION_CONDITIONS = DEBUG;
				SWIFT_OPTIMIZATION_LEVEL = "-Onone";
			};
			name = Debug;
		};
		3B3891532AE91B1900B41DEA /* Release */ = {
			isa = XCBuildConfiguration;
			buildSettings = {
				ALWAYS_SEARCH_USER_PATHS = NO;
				CLANG_ANALYZER_NONNULL = YES;
				CLANG_ANALYZER_NUMBER_OBJECT_CONVERSION = YES_AGGRESSIVE;
				CLANG_CXX_LANGUAGE_STANDARD = "gnu++20";
				CLANG_ENABLE_MODULES = YES;
				CLANG_ENABLE_OBJC_ARC = YES;
				CLANG_ENABLE_OBJC_WEAK = YES;
				CLANG_WARN_BLOCK_CAPTURE_AUTORELEASING = YES;
				CLANG_WARN_BOOL_CONVERSION = YES;
				CLANG_WARN_COMMA = YES;
				CLANG_WARN_CONSTANT_CONVERSION = YES;
				CLANG_WARN_DEPRECATED_OBJC_IMPLEMENTATIONS = YES;
				CLANG_WARN_DIRECT_OBJC_ISA_USAGE = YES_ERROR;
				CLANG_WARN_DOCUMENTATION_COMMENTS = YES;
				CLANG_WARN_EMPTY_BODY = YES;
				CLANG_WARN_ENUM_CONVERSION = YES;
				CLANG_WARN_INFINITE_RECURSION = YES;
				CLANG_WARN_INT_CONVERSION = YES;
				CLANG_WARN_NON_LITERAL_NULL_CONVERSION = YES;
				CLANG_WARN_OBJC_IMPLICIT_RETAIN_SELF = YES;
				CLANG_WARN_OBJC_LITERAL_CONVERSION = YES;
				CLANG_WARN_OBJC_ROOT_CLASS = YES_ERROR;
				CLANG_WARN_QUOTED_INCLUDE_IN_FRAMEWORK_HEADER = YES;
				CLANG_WARN_RANGE_LOOP_ANALYSIS = YES;
				CLANG_WARN_STRICT_PROTOTYPES = YES;
				CLANG_WARN_SUSPICIOUS_MOVE = YES;
				CLANG_WARN_UNGUARDED_AVAILABILITY = YES_AGGRESSIVE;
				CLANG_WARN_UNREACHABLE_CODE = YES;
				CLANG_WARN__DUPLICATE_METHOD_MATCH = YES;
				COPY_PHASE_STRIP = NO;
				DEBUG_INFORMATION_FORMAT = "dwarf-with-dsym";
				ENABLE_NS_ASSERTIONS = NO;
				ENABLE_STRICT_OBJC_MSGSEND = YES;
				GCC_C_LANGUAGE_STANDARD = gnu11;
				GCC_NO_COMMON_BLOCKS = YES;
				GCC_WARN_64_TO_32_BIT_CONVERSION = YES;
				GCC_WARN_ABOUT_RETURN_TYPE = YES_ERROR;
				GCC_WARN_UNDECLARED_SELECTOR = YES;
				GCC_WARN_UNINITIALIZED_AUTOS = YES_AGGRESSIVE;
				GCC_WARN_UNUSED_FUNCTION = YES;
				GCC_WARN_UNUSED_VARIABLE = YES;
				IPHONEOS_DEPLOYMENT_TARGET = 16.2;
				MTL_ENABLE_DEBUG_INFO = NO;
				MTL_FAST_MATH = YES;
				SDKROOT = iphoneos;
				SWIFT_COMPILATION_MODE = wholemodule;
				SWIFT_OPTIMIZATION_LEVEL = "-O";
				VALIDATE_PRODUCT = YES;
			};
			name = Release;
		};
		3B3891552AE91B1900B41DEA /* Debug */ = {
			isa = XCBuildConfiguration;
			buildSettings = {
				ALWAYS_EMBED_SWIFT_STANDARD_LIBRARIES = YES;
				ASSETCATALOG_COMPILER_APPICON_NAME = AppIcon;
				ASSETCATALOG_COMPILER_GLOBAL_ACCENT_COLOR_NAME = AccentColor;
				CODE_SIGN_STYLE = Automatic;
				CURRENT_PROJECT_VERSION = 1;
				DEVELOPMENT_ASSET_PATHS = "\"Landmarks/Preview Content\"";
				DEVELOPMENT_TEAM = 6423MBW33K;
				ENABLE_PREVIEWS = YES;
				GENERATE_INFOPLIST_FILE = YES;
				INFOPLIST_KEY_UIApplicationSceneManifest_Generation = YES;
				INFOPLIST_KEY_UIApplicationSupportsIndirectInputEvents = YES;
				INFOPLIST_KEY_UILaunchScreen_Generation = YES;
				INFOPLIST_KEY_UISupportedInterfaceOrientations_iPad = "UIInterfaceOrientationPortrait UIInterfaceOrientationPortraitUpsideDown UIInterfaceOrientationLandscapeLeft UIInterfaceOrientationLandscapeRight";
				INFOPLIST_KEY_UISupportedInterfaceOrientations_iPhone = "UIInterfaceOrientationPortrait UIInterfaceOrientationLandscapeLeft UIInterfaceOrientationLandscapeRight";
				LD_RUNPATH_SEARCH_PATHS = (
					"$(inherited)",
					"@executable_path/Frameworks",
				);
				MARKETING_VERSION = 1.0;
				PRODUCT_BUNDLE_IDENTIFIER = com.shekunsky.Landmarks;
				PRODUCT_NAME = "$(TARGET_NAME)";
				SWIFT_EMIT_LOC_STRINGS = YES;
				SWIFT_VERSION = 5.0;
				TARGETED_DEVICE_FAMILY = "1,2";
			};
			name = Debug;
		};
		3B3891562AE91B1900B41DEA /* Release */ = {
			isa = XCBuildConfiguration;
			buildSettings = {
				ALWAYS_EMBED_SWIFT_STANDARD_LIBRARIES = YES;
				ASSETCATALOG_COMPILER_APPICON_NAME = AppIcon;
				ASSETCATALOG_COMPILER_GLOBAL_ACCENT_COLOR_NAME = AccentColor;
				CODE_SIGN_STYLE = Automatic;
				CURRENT_PROJECT_VERSION = 1;
				DEVELOPMENT_ASSET_PATHS = "\"Landmarks/Preview Content\"";
				DEVELOPMENT_TEAM = 6423MBW33K;
				ENABLE_PREVIEWS = YES;
				GENERATE_INFOPLIST_FILE = YES;
				INFOPLIST_KEY_UIApplicationSceneManifest_Generation = YES;
				INFOPLIST_KEY_UIApplicationSupportsIndirectInputEvents = YES;
				INFOPLIST_KEY_UILaunchScreen_Generation = YES;
				INFOPLIST_KEY_UISupportedInterfaceOrientations_iPad = "UIInterfaceOrientationPortrait UIInterfaceOrientationPortraitUpsideDown UIInterfaceOrientationLandscapeLeft UIInterfaceOrientationLandscapeRight";
				INFOPLIST_KEY_UISupportedInterfaceOrientations_iPhone = "UIInterfaceOrientationPortrait UIInterfaceOrientationLandscapeLeft UIInterfaceOrientationLandscapeRight";
				LD_RUNPATH_SEARCH_PATHS = (
					"$(inherited)",
					"@executable_path/Frameworks",
				);
				MARKETING_VERSION = 1.0;
				PRODUCT_BUNDLE_IDENTIFIER = com.shekunsky.Landmarks;
				PRODUCT_NAME = "$(TARGET_NAME)";
				SWIFT_EMIT_LOC_STRINGS = YES;
				SWIFT_VERSION = 5.0;
				TARGETED_DEVICE_FAMILY = "1,2";
			};
			name = Release;
		};
		3B46E9192AEFCFA200FB904C /* Debug */ = {
			isa = XCBuildConfiguration;
			buildSettings = {
				ALWAYS_EMBED_SWIFT_STANDARD_LIBRARIES = YES;
				ASSETCATALOG_COMPILER_APPICON_NAME = AppIcon;
				ASSETCATALOG_COMPILER_GLOBAL_ACCENT_COLOR_NAME = AccentColor;
				CODE_SIGN_STYLE = Automatic;
				CURRENT_PROJECT_VERSION = 1;
				DEVELOPMENT_ASSET_PATHS = "\"WatchLandmarks Extension Watch App/Preview Content\"";
				DEVELOPMENT_TEAM = 6423MBW33K;
				ENABLE_PREVIEWS = YES;
				GENERATE_INFOPLIST_FILE = YES;
				INFOPLIST_KEY_CFBundleDisplayName = "WatchLandmarks Extension";
				INFOPLIST_KEY_UISupportedInterfaceOrientations = "UIInterfaceOrientationPortrait UIInterfaceOrientationPortraitUpsideDown";
				INFOPLIST_KEY_WKCompanionAppBundleIdentifier = com.shekunsky.Landmarks;
				INFOPLIST_KEY_WKRunsIndependentlyOfCompanionApp = YES;
				LD_RUNPATH_SEARCH_PATHS = (
					"$(inherited)",
					"@executable_path/Frameworks",
				);
				MARKETING_VERSION = 1.0;
				PRODUCT_BUNDLE_IDENTIFIER = com.shekunsky.Landmarks.watchkitapp;
				PRODUCT_NAME = "$(TARGET_NAME)";
				SDKROOT = watchos;
				SKIP_INSTALL = YES;
				SWIFT_EMIT_LOC_STRINGS = YES;
				SWIFT_VERSION = 5.0;
				TARGETED_DEVICE_FAMILY = 4;
				WATCHOS_DEPLOYMENT_TARGET = 9.0;
			};
			name = Debug;
		};
		3B46E91A2AEFCFA200FB904C /* Release */ = {
			isa = XCBuildConfiguration;
			buildSettings = {
				ALWAYS_EMBED_SWIFT_STANDARD_LIBRARIES = YES;
				ASSETCATALOG_COMPILER_APPICON_NAME = AppIcon;
				ASSETCATALOG_COMPILER_GLOBAL_ACCENT_COLOR_NAME = AccentColor;
				CODE_SIGN_STYLE = Automatic;
				CURRENT_PROJECT_VERSION = 1;
				DEVELOPMENT_ASSET_PATHS = "\"WatchLandmarks Extension Watch App/Preview Content\"";
				DEVELOPMENT_TEAM = 6423MBW33K;
				ENABLE_PREVIEWS = YES;
				GENERATE_INFOPLIST_FILE = YES;
				INFOPLIST_KEY_CFBundleDisplayName = "WatchLandmarks Extension";
				INFOPLIST_KEY_UISupportedInterfaceOrientations = "UIInterfaceOrientationPortrait UIInterfaceOrientationPortraitUpsideDown";
				INFOPLIST_KEY_WKCompanionAppBundleIdentifier = com.shekunsky.Landmarks;
				INFOPLIST_KEY_WKRunsIndependentlyOfCompanionApp = YES;
				LD_RUNPATH_SEARCH_PATHS = (
					"$(inherited)",
					"@executable_path/Frameworks",
				);
				MARKETING_VERSION = 1.0;
				PRODUCT_BUNDLE_IDENTIFIER = com.shekunsky.Landmarks.watchkitapp;
				PRODUCT_NAME = "$(TARGET_NAME)";
				SDKROOT = watchos;
				SKIP_INSTALL = YES;
				SWIFT_EMIT_LOC_STRINGS = YES;
				SWIFT_VERSION = 5.0;
				TARGETED_DEVICE_FAMILY = 4;
				WATCHOS_DEPLOYMENT_TARGET = 9.0;
			};
			name = Release;
		};
		3B46E95A2AEFE7F600FB904C /* Debug */ = {
			isa = XCBuildConfiguration;
			buildSettings = {
				ASSETCATALOG_COMPILER_APPICON_NAME = AppIcon;
				ASSETCATALOG_COMPILER_GLOBAL_ACCENT_COLOR_NAME = AccentColor;
				CODE_SIGN_ENTITLEMENTS = MacLandmarks/MacLandmarks.entitlements;
				CODE_SIGN_STYLE = Automatic;
				COMBINE_HIDPI_IMAGES = YES;
				CURRENT_PROJECT_VERSION = 1;
				DEVELOPMENT_ASSET_PATHS = "\"MacLandmarks/Preview Content\"";
				DEVELOPMENT_TEAM = 6423MBW33K;
				ENABLE_HARDENED_RUNTIME = YES;
				ENABLE_PREVIEWS = YES;
				GENERATE_INFOPLIST_FILE = YES;
				INFOPLIST_KEY_NSHumanReadableCopyright = "";
				LD_RUNPATH_SEARCH_PATHS = (
					"$(inherited)",
					"@executable_path/../Frameworks",
				);
				MACOSX_DEPLOYMENT_TARGET = 12.7;
				MARKETING_VERSION = 1.0;
				PRODUCT_BUNDLE_IDENTIFIER = com.shekunsky.MacLandmarks;
				PRODUCT_NAME = "$(TARGET_NAME)";
				SDKROOT = macosx;
				SWIFT_EMIT_LOC_STRINGS = YES;
				SWIFT_VERSION = 5.0;
			};
			name = Debug;
		};
		3B46E95B2AEFE7F600FB904C /* Release */ = {
			isa = XCBuildConfiguration;
			buildSettings = {
				ASSETCATALOG_COMPILER_APPICON_NAME = AppIcon;
				ASSETCATALOG_COMPILER_GLOBAL_ACCENT_COLOR_NAME = AccentColor;
				CODE_SIGN_ENTITLEMENTS = MacLandmarks/MacLandmarks.entitlements;
				CODE_SIGN_STYLE = Automatic;
				COMBINE_HIDPI_IMAGES = YES;
				CURRENT_PROJECT_VERSION = 1;
				DEVELOPMENT_ASSET_PATHS = "\"MacLandmarks/Preview Content\"";
				DEVELOPMENT_TEAM = 6423MBW33K;
				ENABLE_HARDENED_RUNTIME = YES;
				ENABLE_PREVIEWS = YES;
				GENERATE_INFOPLIST_FILE = YES;
				INFOPLIST_KEY_NSHumanReadableCopyright = "";
				LD_RUNPATH_SEARCH_PATHS = (
					"$(inherited)",
					"@executable_path/../Frameworks",
				);
				MACOSX_DEPLOYMENT_TARGET = 12.7;
				MARKETING_VERSION = 1.0;
				PRODUCT_BUNDLE_IDENTIFIER = com.shekunsky.MacLandmarks;
				PRODUCT_NAME = "$(TARGET_NAME)";
				SDKROOT = macosx;
				SWIFT_EMIT_LOC_STRINGS = YES;
				SWIFT_VERSION = 5.0;
			};
			name = Release;
		};
/* End XCBuildConfiguration section */

/* Begin XCConfigurationList section */
		3B3891412AE91B1600B41DEA /* Build configuration list for PBXProject "Landmarks" */ = {
			isa = XCConfigurationList;
			buildConfigurations = (
				3B3891522AE91B1900B41DEA /* Debug */,
				3B3891532AE91B1900B41DEA /* Release */,
			);
			defaultConfigurationIsVisible = 0;
			defaultConfigurationName = Release;
		};
		3B3891542AE91B1900B41DEA /* Build configuration list for PBXNativeTarget "Landmarks" */ = {
			isa = XCConfigurationList;
			buildConfigurations = (
				3B3891552AE91B1900B41DEA /* Debug */,
				3B3891562AE91B1900B41DEA /* Release */,
			);
			defaultConfigurationIsVisible = 0;
			defaultConfigurationName = Release;
		};
		3B46E91B2AEFCFA200FB904C /* Build configuration list for PBXNativeTarget "WatchLandmarks Extension Watch App" */ = {
			isa = XCConfigurationList;
			buildConfigurations = (
				3B46E9192AEFCFA200FB904C /* Debug */,
				3B46E91A2AEFCFA200FB904C /* Release */,
			);
			defaultConfigurationIsVisible = 0;
			defaultConfigurationName = Release;
		};
		3B46E95C2AEFE7F600FB904C /* Build configuration list for PBXNativeTarget "MacLandmarks" */ = {
			isa = XCConfigurationList;
			buildConfigurations = (
				3B46E95A2AEFE7F600FB904C /* Debug */,
				3B46E95B2AEFE7F600FB904C /* Release */,
			);
			defaultConfigurationIsVisible = 0;
			defaultConfigurationName = Release;
		};
/* End XCConfigurationList section */
	};
	rootObject = 3B38913E2AE91B1600B41DEA /* Project object */;
}
